
Microsoft Visual Studio Solution File, Format Version 12.00
# Visual Studio Version 17
VisualStudioVersion = 17.1.32407.343
MinimumVisualStudioVersion = 10.0.40219.1
Project("{2150E333-8FDC-42A3-9474-1A3956D46DE8}") = "src", "src", "{36E1E63B-3322-401F-A35A-3EA8E0F0D985}"
EndProject
Project("{2150E333-8FDC-42A3-9474-1A3956D46DE8}") = "Core", "Core", "{F335E4CF-9B4A-4029-BFA3-4998A5F935E9}"
EndProject
Project("{2150E333-8FDC-42A3-9474-1A3956D46DE8}") = "Infraestructure", "Infraestructure", "{7C94845B-EB65-4062-A07A-519470C0B63B}"
EndProject
Project("{2150E333-8FDC-42A3-9474-1A3956D46DE8}") = "Presentation", "Presentation", "{448BAB35-A6A1-4B61-8F12-B76869D1D234}"
EndProject
Project("{9A19103F-16F7-4668-BE54-9A1E7A4F7556}") = "Application", "Application\Application.csproj", "{F8C0E22C-60A1-4BCD-9195-FCCC9D5ADFC6}"
EndProject
Project("{9A19103F-16F7-4668-BE54-9A1E7A4F7556}") = "Domain", "Domain\Domain.csproj", "{8ADD7CC3-50B5-4F89-8042-B24E2A2E51AB}"
EndProject
Project("{9A19103F-16F7-4668-BE54-9A1E7A4F7556}") = "Persistence", "Persistence\Persistence.csproj", "{7498E05C-016D-42AA-98B0-29046FF488B7}"
EndProject
Project("{9A19103F-16F7-4668-BE54-9A1E7A4F7556}") = "Shared", "Shared\Shared.csproj", "{3BC67CB7-D14A-45F7-AD99-CB668B77CDBF}"
EndProject
Project("{9A19103F-16F7-4668-BE54-9A1E7A4F7556}") = "WebAPI", "WebAPI\WebAPI.csproj", "{82F98C28-4259-4BC9-BD8C-FF087B2FAAE5}"
EndProject
Project("{FAE04EC0-301F-11D3-BF4B-00C04F79EFBC}") = "Identity", "Identity\Identity.csproj", "{B19FFCAE-1326-415E-8A13-076BC813413B}"
EndProject
Global
	GlobalSection(SolutionConfigurationPlatforms) = preSolution
		Debug|Any CPU = Debug|Any CPU
		Release|Any CPU = Release|Any CPU
	EndGlobalSection
	GlobalSection(ProjectConfigurationPlatforms) = postSolution
		{F8C0E22C-60A1-4BCD-9195-FCCC9D5ADFC6}.Debug|Any CPU.ActiveCfg = Debug|Any CPU
		{F8C0E22C-60A1-4BCD-9195-FCCC9D5ADFC6}.Debug|Any CPU.Build.0 = Debug|Any CPU
		{F8C0E22C-60A1-4BCD-9195-FCCC9D5ADFC6}.Release|Any CPU.ActiveCfg = Release|Any CPU
		{F8C0E22C-60A1-4BCD-9195-FCCC9D5ADFC6}.Release|Any CPU.Build.0 = Release|Any CPU
		{8ADD7CC3-50B5-4F89-8042-B24E2A2E51AB}.Debug|Any CPU.ActiveCfg = Debug|Any CPU
		{8ADD7CC3-50B5-4F89-8042-B24E2A2E51AB}.Debug|Any CPU.Build.0 = Debug|Any CPU
		{8ADD7CC3-50B5-4F89-8042-B24E2A2E51AB}.Release|Any CPU.ActiveCfg = Release|Any CPU
		{8ADD7CC3-50B5-4F89-8042-B24E2A2E51AB}.Release|Any CPU.Build.0 = Release|Any CPU
		{7498E05C-016D-42AA-98B0-29046FF488B7}.Debug|Any CPU.ActiveCfg = Debug|Any CPU
		{7498E05C-016D-42AA-98B0-29046FF488B7}.Debug|Any CPU.Build.0 = Debug|Any CPU
		{7498E05C-016D-42AA-98B0-29046FF488B7}.Release|Any CPU.ActiveCfg = Release|Any CPU
		{7498E05C-016D-42AA-98B0-29046FF488B7}.Release|Any CPU.Build.0 = Release|Any CPU
		{3BC67CB7-D14A-45F7-AD99-CB668B77CDBF}.Debug|Any CPU.ActiveCfg = Debug|Any CPU
		{3BC67CB7-D14A-45F7-AD99-CB668B77CDBF}.Debug|Any CPU.Build.0 = Debug|Any CPU
		{3BC67CB7-D14A-45F7-AD99-CB668B77CDBF}.Release|Any CPU.ActiveCfg = Release|Any CPU
		{3BC67CB7-D14A-45F7-AD99-CB668B77CDBF}.Release|Any CPU.Build.0 = Release|Any CPU
		{82F98C28-4259-4BC9-BD8C-FF087B2FAAE5}.Debug|Any CPU.ActiveCfg = Debug|Any CPU
		{82F98C28-4259-4BC9-BD8C-FF087B2FAAE5}.Debug|Any CPU.Build.0 = Debug|Any CPU
		{82F98C28-4259-4BC9-BD8C-FF087B2FAAE5}.Release|Any CPU.ActiveCfg = Release|Any CPU
		{82F98C28-4259-4BC9-BD8C-FF087B2FAAE5}.Release|Any CPU.Build.0 = Release|Any CPU
		{B19FFCAE-1326-415E-8A13-076BC813413B}.Debug|Any CPU.ActiveCfg = Debug|Any CPU
		{B19FFCAE-1326-415E-8A13-076BC813413B}.Debug|Any CPU.Build.0 = Debug|Any CPU
		{B19FFCAE-1326-415E-8A13-076BC813413B}.Release|Any CPU.ActiveCfg = Release|Any CPU
		{B19FFCAE-1326-415E-8A13-076BC813413B}.Release|Any CPU.Build.0 = Release|Any CPU
	EndGlobalSection
	GlobalSection(SolutionProperties) = preSolution
		HideSolutionNode = FALSE
	EndGlobalSection
	GlobalSection(NestedProjects) = preSolution
		{F335E4CF-9B4A-4029-BFA3-4998A5F935E9} = {36E1E63B-3322-401F-A35A-3EA8E0F0D985}
		{7C94845B-EB65-4062-A07A-519470C0B63B} = {36E1E63B-3322-401F-A35A-3EA8E0F0D985}
		{448BAB35-A6A1-4B61-8F12-B76869D1D234} = {36E1E63B-3322-401F-A35A-3EA8E0F0D985}
		{F8C0E22C-60A1-4BCD-9195-FCCC9D5ADFC6} = {F335E4CF-9B4A-4029-BFA3-4998A5F935E9}
		{8ADD7CC3-50B5-4F89-8042-B24E2A2E51AB} = {F335E4CF-9B4A-4029-BFA3-4998A5F935E9}
		{7498E05C-016D-42AA-98B0-29046FF488B7} = {7C94845B-EB65-4062-A07A-519470C0B63B}
		{3BC67CB7-D14A-45F7-AD99-CB668B77CDBF} = {7C94845B-EB65-4062-A07A-519470C0B63B}
		{82F98C28-4259-4BC9-BD8C-FF087B2FAAE5} = {448BAB35-A6A1-4B61-8F12-B76869D1D234}
		{B19FFCAE-1326-415E-8A13-076BC813413B} = {7C94845B-EB65-4062-A07A-519470C0B63B}
	EndGlobalSection
	GlobalSection(ExtensibilityGlobals) = postSolution
		SolutionGuid = {6758B713-368B-4860-9CAB-F7FABCBD99D9}
	EndGlobalSection
EndGlobal
